
Microsoft Visual Studio Solution File, Format Version 12.00
# Visual Studio 15
VisualStudioVersion = 15.0.28010.2046
MinimumVisualStudioVersion = 10.0.40219.1
Project("{8BC9CEB8-8B4A-11D0-8D11-00A0C91BC942}") = "blurring", "blurring.vcxproj", "{D0C06B28-F2F1-4DA5-AD39-BB1F9C6290FA}"
EndProject
Global
	GlobalSection(SolutionConfigurationPlatforms) = preSolution
		Debug|x64 = Debug|x64
		Debug|x86 = Debug|x86
		Release|x64 = Release|x64
		Release|x86 = Release|x86
	EndGlobalSection
	GlobalSection(ProjectConfigurationPlatforms) = postSolution
		{D0C06B28-F2F1-4DA5-AD39-BB1F9C6290FA}.Debug|x64.ActiveCfg = Debug|x64
		{D0C06B28-F2F1-4DA5-AD39-BB1F9C6290FA}.Debug|x64.Build.0 = Debug|x64
		{D0C06B28-F2F1-4DA5-AD39-BB1F9C6290FA}.Debug|x86.ActiveCfg = Debug|Win32
		{D0C06B28-F2F1-4DA5-AD39-BB1F9C6290FA}.Debug|x86.Build.0 = Debug|Win32
		{D0C06B28-F2F1-4DA5-AD39-BB1F9C6290FA}.Release|x64.ActiveCfg = Release|x64
		{D0C06B28-F2F1-4DA5-AD39-BB1F9C6290FA}.Release|x64.Build.0 = Release|x64
		{D0C06B28-F2F1-4DA5-AD39-BB1F9C6290FA}.Release|x86.ActiveCfg = Release|Win32
		{D0C06B28-F2F1-4DA5-AD39-BB1F9C6290FA}.Release|x86.Build.0 = Release|Win32
	EndGlobalSection
	GlobalSection(SolutionProperties) = preSolution
		HideSolutionNode = FALSE
	EndGlobalSection
	GlobalSection(ExtensibilityGlobals) = postSolution
		SolutionGuid = {370E50CC-A637-41A3-91E0-DDC94921A4C8}
	EndGlobalSection
EndGlobal
