
Microsoft Visual Studio Solution File, Format Version 12.00
# Visual Studio 15
VisualStudioVersion = 15.0.28010.2046
MinimumVisualStudioVersion = 10.0.40219.1
Project("{8BC9CEB8-8B4A-11D0-8D11-00A0C91BC942}") = "ColorOp", "ColorOp.vcxproj", "{8C221F7F-8F3C-4DA2-BA30-B4D94B6CE259}"
EndProject
Global
	GlobalSection(SolutionConfigurationPlatforms) = preSolution
		Debug|x64 = Debug|x64
		Debug|x86 = Debug|x86
		Release|x64 = Release|x64
		Release|x86 = Release|x86
	EndGlobalSection
	GlobalSection(ProjectConfigurationPlatforms) = postSolution
		{8C221F7F-8F3C-4DA2-BA30-B4D94B6CE259}.Debug|x64.ActiveCfg = Debug|x64
		{8C221F7F-8F3C-4DA2-BA30-B4D94B6CE259}.Debug|x64.Build.0 = Debug|x64
		{8C221F7F-8F3C-4DA2-BA30-B4D94B6CE259}.Debug|x86.ActiveCfg = Debug|Win32
		{8C221F7F-8F3C-4DA2-BA30-B4D94B6CE259}.Debug|x86.Build.0 = Debug|Win32
		{8C221F7F-8F3C-4DA2-BA30-B4D94B6CE259}.Release|x64.ActiveCfg = Release|x64
		{8C221F7F-8F3C-4DA2-BA30-B4D94B6CE259}.Release|x64.Build.0 = Release|x64
		{8C221F7F-8F3C-4DA2-BA30-B4D94B6CE259}.Release|x86.ActiveCfg = Release|Win32
		{8C221F7F-8F3C-4DA2-BA30-B4D94B6CE259}.Release|x86.Build.0 = Release|Win32
	EndGlobalSection
	GlobalSection(SolutionProperties) = preSolution
		HideSolutionNode = FALSE
	EndGlobalSection
	GlobalSection(ExtensibilityGlobals) = postSolution
		SolutionGuid = {6EF82812-F3FC-4D69-9F7B-0C95557ADA1B}
	EndGlobalSection
EndGlobal
