
Microsoft Visual Studio Solution File, Format Version 12.00
# Visual Studio 15
VisualStudioVersion = 15.0.28010.2046
MinimumVisualStudioVersion = 10.0.40219.1
Project("{8BC9CEB8-8B4A-11D0-8D11-00A0C91BC942}") = "storage", "storage.vcxproj", "{1AB3AB61-FCCD-4357-8213-5465E1A867CE}"
EndProject
Global
	GlobalSection(SolutionConfigurationPlatforms) = preSolution
		Debug|x64 = Debug|x64
		Debug|x86 = Debug|x86
		Release|x64 = Release|x64
		Release|x86 = Release|x86
	EndGlobalSection
	GlobalSection(ProjectConfigurationPlatforms) = postSolution
		{1AB3AB61-FCCD-4357-8213-5465E1A867CE}.Debug|x64.ActiveCfg = Debug|x64
		{1AB3AB61-FCCD-4357-8213-5465E1A867CE}.Debug|x64.Build.0 = Debug|x64
		{1AB3AB61-FCCD-4357-8213-5465E1A867CE}.Debug|x86.ActiveCfg = Debug|Win32
		{1AB3AB61-FCCD-4357-8213-5465E1A867CE}.Debug|x86.Build.0 = Debug|Win32
		{1AB3AB61-FCCD-4357-8213-5465E1A867CE}.Release|x64.ActiveCfg = Release|x64
		{1AB3AB61-FCCD-4357-8213-5465E1A867CE}.Release|x64.Build.0 = Release|x64
		{1AB3AB61-FCCD-4357-8213-5465E1A867CE}.Release|x86.ActiveCfg = Release|Win32
		{1AB3AB61-FCCD-4357-8213-5465E1A867CE}.Release|x86.Build.0 = Release|Win32
	EndGlobalSection
	GlobalSection(SolutionProperties) = preSolution
		HideSolutionNode = FALSE
	EndGlobalSection
	GlobalSection(ExtensibilityGlobals) = postSolution
		SolutionGuid = {9DC422D2-663C-4D50-9B33-16A994D06793}
	EndGlobalSection
EndGlobal
