
Microsoft Visual Studio Solution File, Format Version 12.00
# Visual Studio 15
VisualStudioVersion = 15.0.28010.2046
MinimumVisualStudioVersion = 10.0.40219.1
Project("{8BC9CEB8-8B4A-11D0-8D11-00A0C91BC942}") = "threshold", "threshold.vcxproj", "{214B572F-37C4-4AF5-86C4-85D4677D6A4F}"
EndProject
Global
	GlobalSection(SolutionConfigurationPlatforms) = preSolution
		Debug|x64 = Debug|x64
		Debug|x86 = Debug|x86
		Release|x64 = Release|x64
		Release|x86 = Release|x86
	EndGlobalSection
	GlobalSection(ProjectConfigurationPlatforms) = postSolution
		{214B572F-37C4-4AF5-86C4-85D4677D6A4F}.Debug|x64.ActiveCfg = Debug|x64
		{214B572F-37C4-4AF5-86C4-85D4677D6A4F}.Debug|x64.Build.0 = Debug|x64
		{214B572F-37C4-4AF5-86C4-85D4677D6A4F}.Debug|x86.ActiveCfg = Debug|Win32
		{214B572F-37C4-4AF5-86C4-85D4677D6A4F}.Debug|x86.Build.0 = Debug|Win32
		{214B572F-37C4-4AF5-86C4-85D4677D6A4F}.Release|x64.ActiveCfg = Release|x64
		{214B572F-37C4-4AF5-86C4-85D4677D6A4F}.Release|x64.Build.0 = Release|x64
		{214B572F-37C4-4AF5-86C4-85D4677D6A4F}.Release|x86.ActiveCfg = Release|Win32
		{214B572F-37C4-4AF5-86C4-85D4677D6A4F}.Release|x86.Build.0 = Release|Win32
	EndGlobalSection
	GlobalSection(SolutionProperties) = preSolution
		HideSolutionNode = FALSE
	EndGlobalSection
	GlobalSection(ExtensibilityGlobals) = postSolution
		SolutionGuid = {B8A68121-95D4-467E-8FF3-60A5C1D670B1}
	EndGlobalSection
EndGlobal
