
Microsoft Visual Studio Solution File, Format Version 12.00
# Visual Studio 15
VisualStudioVersion = 15.0.28010.2046
MinimumVisualStudioVersion = 10.0.40219.1
Project("{8BC9CEB8-8B4A-11D0-8D11-00A0C91BC942}") = "filter", "filter.vcxproj", "{82F67F0B-1353-4D7A-8B0D-644E0D191034}"
EndProject
Global
	GlobalSection(SolutionConfigurationPlatforms) = preSolution
		Debug|x64 = Debug|x64
		Debug|x86 = Debug|x86
		Release|x64 = Release|x64
		Release|x86 = Release|x86
	EndGlobalSection
	GlobalSection(ProjectConfigurationPlatforms) = postSolution
		{82F67F0B-1353-4D7A-8B0D-644E0D191034}.Debug|x64.ActiveCfg = Debug|x64
		{82F67F0B-1353-4D7A-8B0D-644E0D191034}.Debug|x64.Build.0 = Debug|x64
		{82F67F0B-1353-4D7A-8B0D-644E0D191034}.Debug|x86.ActiveCfg = Debug|Win32
		{82F67F0B-1353-4D7A-8B0D-644E0D191034}.Debug|x86.Build.0 = Debug|Win32
		{82F67F0B-1353-4D7A-8B0D-644E0D191034}.Release|x64.ActiveCfg = Release|x64
		{82F67F0B-1353-4D7A-8B0D-644E0D191034}.Release|x64.Build.0 = Release|x64
		{82F67F0B-1353-4D7A-8B0D-644E0D191034}.Release|x86.ActiveCfg = Release|Win32
		{82F67F0B-1353-4D7A-8B0D-644E0D191034}.Release|x86.Build.0 = Release|Win32
	EndGlobalSection
	GlobalSection(SolutionProperties) = preSolution
		HideSolutionNode = FALSE
	EndGlobalSection
	GlobalSection(ExtensibilityGlobals) = postSolution
		SolutionGuid = {CC76E455-B64C-403E-9056-9D7855E3A094}
	EndGlobalSection
EndGlobal
