
Microsoft Visual Studio Solution File, Format Version 12.00
# Visual Studio 15
VisualStudioVersion = 15.0.28010.2046
MinimumVisualStudioVersion = 10.0.40219.1
Project("{8BC9CEB8-8B4A-11D0-8D11-00A0C91BC942}") = "inrange", "inrange.vcxproj", "{3232E30B-120A-4594-9C89-B2A43AFB10B6}"
EndProject
Global
	GlobalSection(SolutionConfigurationPlatforms) = preSolution
		Debug|x64 = Debug|x64
		Debug|x86 = Debug|x86
		Release|x64 = Release|x64
		Release|x86 = Release|x86
	EndGlobalSection
	GlobalSection(ProjectConfigurationPlatforms) = postSolution
		{3232E30B-120A-4594-9C89-B2A43AFB10B6}.Debug|x64.ActiveCfg = Debug|x64
		{3232E30B-120A-4594-9C89-B2A43AFB10B6}.Debug|x64.Build.0 = Debug|x64
		{3232E30B-120A-4594-9C89-B2A43AFB10B6}.Debug|x86.ActiveCfg = Debug|Win32
		{3232E30B-120A-4594-9C89-B2A43AFB10B6}.Debug|x86.Build.0 = Debug|Win32
		{3232E30B-120A-4594-9C89-B2A43AFB10B6}.Release|x64.ActiveCfg = Release|x64
		{3232E30B-120A-4594-9C89-B2A43AFB10B6}.Release|x64.Build.0 = Release|x64
		{3232E30B-120A-4594-9C89-B2A43AFB10B6}.Release|x86.ActiveCfg = Release|Win32
		{3232E30B-120A-4594-9C89-B2A43AFB10B6}.Release|x86.Build.0 = Release|Win32
	EndGlobalSection
	GlobalSection(SolutionProperties) = preSolution
		HideSolutionNode = FALSE
	EndGlobalSection
	GlobalSection(ExtensibilityGlobals) = postSolution
		SolutionGuid = {E1FE7C9A-B8E0-4D6C-BCF1-38C7B41CE0AA}
	EndGlobalSection
EndGlobal
