
Microsoft Visual Studio Solution File, Format Version 12.00
# Visual Studio 15
VisualStudioVersion = 15.0.28307.168
MinimumVisualStudioVersion = 10.0.40219.1
Project("{8BC9CEB8-8B4A-11D0-8D11-00A0C91BC942}") = "knndigits", "knndigits.vcxproj", "{798CBCD5-BC3B-4F45-9751-0DAB2E256943}"
EndProject
Global
	GlobalSection(SolutionConfigurationPlatforms) = preSolution
		Debug|x64 = Debug|x64
		Debug|x86 = Debug|x86
		Release|x64 = Release|x64
		Release|x86 = Release|x86
	EndGlobalSection
	GlobalSection(ProjectConfigurationPlatforms) = postSolution
		{798CBCD5-BC3B-4F45-9751-0DAB2E256943}.Debug|x64.ActiveCfg = Debug|x64
		{798CBCD5-BC3B-4F45-9751-0DAB2E256943}.Debug|x64.Build.0 = Debug|x64
		{798CBCD5-BC3B-4F45-9751-0DAB2E256943}.Debug|x86.ActiveCfg = Debug|Win32
		{798CBCD5-BC3B-4F45-9751-0DAB2E256943}.Debug|x86.Build.0 = Debug|Win32
		{798CBCD5-BC3B-4F45-9751-0DAB2E256943}.Release|x64.ActiveCfg = Release|x64
		{798CBCD5-BC3B-4F45-9751-0DAB2E256943}.Release|x64.Build.0 = Release|x64
		{798CBCD5-BC3B-4F45-9751-0DAB2E256943}.Release|x86.ActiveCfg = Release|Win32
		{798CBCD5-BC3B-4F45-9751-0DAB2E256943}.Release|x86.Build.0 = Release|Win32
	EndGlobalSection
	GlobalSection(SolutionProperties) = preSolution
		HideSolutionNode = FALSE
	EndGlobalSection
	GlobalSection(ExtensibilityGlobals) = postSolution
		SolutionGuid = {D6C9A753-0D13-4FB0-9283-0A63C0569704}
	EndGlobalSection
EndGlobal
