
Microsoft Visual Studio Solution File, Format Version 12.00
# Visual Studio 15
VisualStudioVersion = 15.0.28010.2046
MinimumVisualStudioVersion = 10.0.40219.1
Project("{8BC9CEB8-8B4A-11D0-8D11-00A0C91BC942}") = "HelloCV", "HelloCV.vcxproj", "{7263E6B1-8222-4F5B-B3C9-77BCA460DBE1}"
EndProject
Global
	GlobalSection(SolutionConfigurationPlatforms) = preSolution
		Debug|x64 = Debug|x64
		Debug|x86 = Debug|x86
		Release|x64 = Release|x64
		Release|x86 = Release|x86
	EndGlobalSection
	GlobalSection(ProjectConfigurationPlatforms) = postSolution
		{7263E6B1-8222-4F5B-B3C9-77BCA460DBE1}.Debug|x64.ActiveCfg = Debug|x64
		{7263E6B1-8222-4F5B-B3C9-77BCA460DBE1}.Debug|x64.Build.0 = Debug|x64
		{7263E6B1-8222-4F5B-B3C9-77BCA460DBE1}.Debug|x86.ActiveCfg = Debug|Win32
		{7263E6B1-8222-4F5B-B3C9-77BCA460DBE1}.Debug|x86.Build.0 = Debug|Win32
		{7263E6B1-8222-4F5B-B3C9-77BCA460DBE1}.Release|x64.ActiveCfg = Release|x64
		{7263E6B1-8222-4F5B-B3C9-77BCA460DBE1}.Release|x64.Build.0 = Release|x64
		{7263E6B1-8222-4F5B-B3C9-77BCA460DBE1}.Release|x86.ActiveCfg = Release|Win32
		{7263E6B1-8222-4F5B-B3C9-77BCA460DBE1}.Release|x86.Build.0 = Release|Win32
	EndGlobalSection
	GlobalSection(SolutionProperties) = preSolution
		HideSolutionNode = FALSE
	EndGlobalSection
	GlobalSection(ExtensibilityGlobals) = postSolution
		SolutionGuid = {D653E6B9-E252-430D-BAFB-59E9798C50B5}
	EndGlobalSection
EndGlobal
