
Microsoft Visual Studio Solution File, Format Version 12.00
# Visual Studio 15
VisualStudioVersion = 15.0.28010.2046
MinimumVisualStudioVersion = 10.0.40219.1
Project("{8BC9CEB8-8B4A-11D0-8D11-00A0C91BC942}") = "keyboard", "keyboard.vcxproj", "{E356D597-8398-4273-B489-B385FD3BF65B}"
EndProject
Global
	GlobalSection(SolutionConfigurationPlatforms) = preSolution
		Debug|x64 = Debug|x64
		Debug|x86 = Debug|x86
		Release|x64 = Release|x64
		Release|x86 = Release|x86
	EndGlobalSection
	GlobalSection(ProjectConfigurationPlatforms) = postSolution
		{E356D597-8398-4273-B489-B385FD3BF65B}.Debug|x64.ActiveCfg = Debug|x64
		{E356D597-8398-4273-B489-B385FD3BF65B}.Debug|x64.Build.0 = Debug|x64
		{E356D597-8398-4273-B489-B385FD3BF65B}.Debug|x86.ActiveCfg = Debug|Win32
		{E356D597-8398-4273-B489-B385FD3BF65B}.Debug|x86.Build.0 = Debug|Win32
		{E356D597-8398-4273-B489-B385FD3BF65B}.Release|x64.ActiveCfg = Release|x64
		{E356D597-8398-4273-B489-B385FD3BF65B}.Release|x64.Build.0 = Release|x64
		{E356D597-8398-4273-B489-B385FD3BF65B}.Release|x86.ActiveCfg = Release|Win32
		{E356D597-8398-4273-B489-B385FD3BF65B}.Release|x86.Build.0 = Release|Win32
	EndGlobalSection
	GlobalSection(SolutionProperties) = preSolution
		HideSolutionNode = FALSE
	EndGlobalSection
	GlobalSection(ExtensibilityGlobals) = postSolution
		SolutionGuid = {545386E2-4382-424B-B1B5-461AEB5EE310}
	EndGlobalSection
EndGlobal
